
Microsoft Visual Studio Solution File, Format Version 10.00
# Visual Studio 2008
Project("{8BC9CEB8-8B4A-11D0-8D11-00A0C91BC942}") = "sectionAx", "sectionAx\sectionAx.vcproj", "{35CE2851-10FF-41E6-996D-125B79167587}"
EndProject
Global
	GlobalSection(SolutionConfigurationPlatforms) = preSolution
		Debug|Win32 = Debug|Win32
		Release|Win32 = Release|Win32
	EndGlobalSection
	GlobalSection(ProjectConfigurationPlatforms) = postSolution
		{35CE2851-10FF-41E6-996D-125B79167587}.Debug|Win32.ActiveCfg = Debug|Win32
		{35CE2851-10FF-41E6-996D-125B79167587}.Debug|Win32.Build.0 = Debug|Win32
		{35CE2851-10FF-41E6-996D-125B79167587}.Release|Win32.ActiveCfg = Release|Win32
		{35CE2851-10FF-41E6-996D-125B79167587}.Release|Win32.Build.0 = Release|Win32
	EndGlobalSection
	GlobalSection(SolutionProperties) = preSolution
		HideSolutionNode = FALSE
	EndGlobalSection
EndGlobal
